{
  "name": "vorex",
  "lockfileVersion": 3,
  "requires": true,
  "packages": {
    "": {
      "name": "vorex",
      "dependencies": {
        "@faker-js/faker": "^9.4.0",
        "@nestjs/config": "^4.0.0",
        "@prisma/client": "^6.3.1",
        "class-transformer": "^0.5.1",
        "class-validator": "^0.14.1",
        "date-fns": "^4.1.0"
      },
      "devDependencies": {
        "@types/bun": "latest",
        "@types/express": "^5.0.0",
        "@types/node": "^22.13.1",
        "prisma": "^6.3.1"
      },
      "peerDependencies": {
        "typescript": "^5.0.0"
      }
    },
    "node_modules/@faker-js/faker": {
      "version": "9.4.0",
      "funding": [
        {
          "type": "opencollective",
          "url": "https://opencollective.com/fakerjs"
        }
      ],
      "license": "MIT",
      "engines": {
        "node": ">=18.0.0",
        "npm": ">=9.0.0"
      }
    },
    "node_modules/@lukeed/csprng": {
      "version": "1.1.0",
      "license": "MIT",
      "peer": true,
      "engines": {
        "node": ">=8"
      }
    },
    "node_modules/@nestjs/common": {
      "version": "11.0.7",
      "license": "MIT",
      "peer": true,
      "dependencies": {
        "iterare": "1.2.1",
        "tslib": "2.8.1",
        "uid": "2.0.2"
      },
      "funding": {
        "type": "opencollective",
        "url": "https://opencollective.com/nest"
      },
      "peerDependencies": {
        "class-transformer": "*",
        "class-validator": "*",
        "reflect-metadata": "^0.1.12 || ^0.2.0",
        "rxjs": "^7.1.0"
      },
      "peerDependenciesMeta": {
        "class-transformer": {
          "optional": true
        },
        "class-validator": {
          "optional": true
        }
      }
    },
    "node_modules/@nestjs/config": {
      "version": "4.0.0",
      "license": "MIT",
      "dependencies": {
        "dotenv": "16.4.7",
        "dotenv-expand": "12.0.1",
        "lodash": "4.17.21"
      },
      "peerDependencies": {
        "@nestjs/common": "^10.0.0 || ^11.0.0",
        "rxjs": "^7.1.0"
      }
    },
    "node_modules/@prisma/client": {
      "version": "6.3.1",
      "hasInstallScript": true,
      "license": "Apache-2.0",
      "engines": {
        "node": ">=18.18"
      },
      "peerDependencies": {
        "prisma": "*",
        "typescript": ">=5.1.0"
      },
      "peerDependenciesMeta": {
        "prisma": {
          "optional": true
        },
        "typescript": {
          "optional": true
        }
      }
    },
    "node_modules/@prisma/debug": {
      "version": "6.3.1",
      "devOptional": true,
      "license": "Apache-2.0"
    },
    "node_modules/@prisma/engines": {
      "version": "6.3.1",
      "devOptional": true,
      "hasInstallScript": true,
      "license": "Apache-2.0",
      "dependencies": {
        "@prisma/debug": "6.3.1",
        "@prisma/engines-version": "6.3.0-17.acc0b9dd43eb689cbd20c9470515d719db10d0b0",
        "@prisma/fetch-engine": "6.3.1",
        "@prisma/get-platform": "6.3.1"
      }
    },
    "node_modules/@prisma/engines-version": {
      "version": "6.3.0-17.acc0b9dd43eb689cbd20c9470515d719db10d0b0",
      "devOptional": true,
      "license": "Apache-2.0"
    },
    "node_modules/@prisma/fetch-engine": {
      "version": "6.3.1",
      "devOptional": true,
      "license": "Apache-2.0",
      "dependencies": {
        "@prisma/debug": "6.3.1",
        "@prisma/engines-version": "6.3.0-17.acc0b9dd43eb689cbd20c9470515d719db10d0b0",
        "@prisma/get-platform": "6.3.1"
      }
    },
    "node_modules/@prisma/get-platform": {
      "version": "6.3.1",
      "devOptional": true,
      "license": "Apache-2.0",
      "dependencies": {
        "@prisma/debug": "6.3.1"
      }
    },
    "node_modules/@types/body-parser": {
      "version": "1.19.5",
      "dev": true,
      "license": "MIT",
      "dependencies": {
        "@types/connect": "*",
        "@types/node": "*"
      }
    },
    "node_modules/@types/bun": {
      "version": "1.2.10",
      "resolved": "https://registry.npmjs.org/@types/bun/-/bun-1.2.10.tgz",
      "integrity": "sha512-eilv6WFM3M0c9ztJt7/g80BDusK98z/FrFwseZgT4bXCq2vPhXD4z8R3oddmAn+R/Nmz9vBn4kweJKmGTZj+lg==",
      "dev": true,
      "dependencies": {
        "bun-types": "1.2.10"
      }
    },
    "node_modules/@types/connect": {
      "version": "3.4.38",
      "dev": true,
      "license": "MIT",
      "dependencies": {
        "@types/node": "*"
      }
    },
    "node_modules/@types/express": {
      "version": "5.0.0",
      "dev": true,
      "license": "MIT",
      "dependencies": {
        "@types/body-parser": "*",
        "@types/express-serve-static-core": "^5.0.0",
        "@types/qs": "*",
        "@types/serve-static": "*"
      }
    },
    "node_modules/@types/express-serve-static-core": {
      "version": "5.0.6",
      "dev": true,
      "license": "MIT",
      "dependencies": {
        "@types/node": "*",
        "@types/qs": "*",
        "@types/range-parser": "*",
        "@types/send": "*"
      }
    },
    "node_modules/@types/http-errors": {
      "version": "2.0.4",
      "dev": true,
      "license": "MIT"
    },
    "node_modules/@types/mime": {
      "version": "1.3.5",
      "dev": true,
      "license": "MIT"
    },
    "node_modules/@types/node": {
      "version": "22.13.1",
      "dev": true,
      "license": "MIT",
      "dependencies": {
        "undici-types": "~6.20.0"
      }
    },
    "node_modules/@types/qs": {
      "version": "6.9.18",
      "dev": true,
      "license": "MIT"
    },
    "node_modules/@types/range-parser": {
      "version": "1.2.7",
      "dev": true,
      "license": "MIT"
    },
    "node_modules/@types/send": {
      "version": "0.17.4",
      "dev": true,
      "license": "MIT",
      "dependencies": {
        "@types/mime": "^1",
        "@types/node": "*"
      }
    },
    "node_modules/@types/serve-static": {
      "version": "1.15.7",
      "dev": true,
      "license": "MIT",
      "dependencies": {
        "@types/http-errors": "*",
        "@types/node": "*",
        "@types/send": "*"
      }
    },
    "node_modules/@types/validator": {
      "version": "13.12.2",
      "license": "MIT"
    },
    "node_modules/bun-types": {
      "version": "1.2.10",
      "resolved": "https://registry.npmjs.org/bun-types/-/bun-types-1.2.10.tgz",
      "integrity": "sha512-b5ITZMnVdf3m1gMvJHG+gIfeJHiQPJak0f7925Hxu6ZN5VKA8AGy4GZ4lM+Xkn6jtWxg5S3ldWvfmXdvnkp3GQ==",
      "dev": true,
      "dependencies": {
        "@types/node": "*"
      }
    },
    "node_modules/class-transformer": {
      "version": "0.5.1",
      "license": "MIT"
    },
    "node_modules/class-validator": {
      "version": "0.14.1",
      "license": "MIT",
      "dependencies": {
        "@types/validator": "^13.11.8",
        "libphonenumber-js": "^1.10.53",
        "validator": "^13.9.0"
      }
    },
    "node_modules/date-fns": {
      "version": "4.1.0",
      "resolved": "https://registry.npmjs.org/date-fns/-/date-fns-4.1.0.tgz",
      "integrity": "sha512-Ukq0owbQXxa/U3EGtsdVBkR1w7KOQ5gIBqdH2hkvknzZPYvBxb/aa6E8L7tmjFtkwZBu3UXBbjIgPo/Ez4xaNg==",
      "funding": {
        "type": "github",
        "url": "https://github.com/sponsors/kossnocorp"
      }
    },
    "node_modules/dotenv": {
      "version": "16.4.7",
      "license": "BSD-2-Clause",
      "engines": {
        "node": ">=12"
      },
      "funding": {
        "url": "https://dotenvx.com"
      }
    },
    "node_modules/dotenv-expand": {
      "version": "12.0.1",
      "license": "BSD-2-Clause",
      "dependencies": {
        "dotenv": "^16.4.5"
      },
      "engines": {
        "node": ">=12"
      },
      "funding": {
        "url": "https://dotenvx.com"
      }
    },
    "node_modules/iterare": {
      "version": "1.2.1",
      "license": "ISC",
      "peer": true,
      "engines": {
        "node": ">=6"
      }
    },
    "node_modules/libphonenumber-js": {
      "version": "1.11.19",
      "license": "MIT"
    },
    "node_modules/lodash": {
      "version": "4.17.21",
      "license": "MIT"
    },
    "node_modules/prisma": {
      "version": "6.3.1",
      "devOptional": true,
      "hasInstallScript": true,
      "license": "Apache-2.0",
      "dependencies": {
        "@prisma/engines": "6.3.1"
      },
      "bin": {
        "prisma": "build/index.js"
      },
      "engines": {
        "node": ">=18.18"
      },
      "optionalDependencies": {
        "fsevents": "2.3.3"
      },
      "peerDependencies": {
        "typescript": ">=5.1.0"
      },
      "peerDependenciesMeta": {
        "typescript": {
          "optional": true
        }
      }
    },
    "node_modules/reflect-metadata": {
      "version": "0.2.2",
      "license": "Apache-2.0",
      "peer": true
    },
    "node_modules/rxjs": {
      "version": "7.8.1",
      "license": "Apache-2.0",
      "peer": true,
      "dependencies": {
        "tslib": "^2.1.0"
      }
    },
    "node_modules/tslib": {
      "version": "2.8.1",
      "license": "0BSD",
      "peer": true
    },
    "node_modules/typescript": {
      "version": "5.7.3",
      "license": "Apache-2.0",
      "peer": true,
      "bin": {
        "tsc": "bin/tsc",
        "tsserver": "bin/tsserver"
      },
      "engines": {
        "node": ">=14.17"
      }
    },
    "node_modules/uid": {
      "version": "2.0.2",
      "license": "MIT",
      "peer": true,
      "dependencies": {
        "@lukeed/csprng": "^1.0.0"
      },
      "engines": {
        "node": ">=8"
      }
    },
    "node_modules/undici-types": {
      "version": "6.20.0",
      "dev": true,
      "license": "MIT"
    },
    "node_modules/validator": {
      "version": "13.12.0",
      "license": "MIT",
      "engines": {
        "node": ">= 0.10"
      }
    }
  }
}
